{
  "name": "who-call",
  "version": "1.2.2",
  "lockfileVersion": 2,
  "requires": true,
  "packages": {
    "": {
      "version": "1.2.2",
      "license": "MIT",
      "dependencies": {
        "axios": "0.21.2",
        "fastdomparse-node": "1.0.1"
      },
      "bin": {
        "who-call": "bin/who-call.js"
      }
    },
    "node_modules/axios": {
      "version": "0.21.2",
      "resolved": "https://registry.npmjs.org/axios/-/axios-0.21.2.tgz",
      "integrity": "sha512-87otirqUw3e8CzHTMO+/9kh/FSgXt/eVDvipijwDtEuwbkySWZ9SBm6VEubmJ/kLKEoLQV/POhxXFb66bfekfg==",
      "dependencies": {
        "follow-redirects": "^1.14.0"
      }
    },
    "node_modules/fastdomparse-node": {
      "version": "1.0.1",
      "resolved": "https://registry.npmjs.org/fastdomparse-node/-/fastdomparse-node-1.0.1.tgz",
      "integrity": "sha512-r/xlSDNA2OV3BIA4+pN77q92HyX3sFXXhZeoYqDOmGmwPTJocs8hC3ZPtZ1fkBpXqXL1ezlKNd3o2MIXHv5lCQ=="
    },
    "node_modules/follow-redirects": {
      "version": "1.15.2",
      "resolved": "https://registry.npmjs.org/follow-redirects/-/follow-redirects-1.15.2.tgz",
      "integrity": "sha512-VQLG33o04KaQ8uYi2tVNbdrWp1QWxNNea+nmIB4EVM28v0hmP17z7aG1+wAkNzVq4KeXTq3221ye5qTJP91JwA==",
      "funding": [
        {
          "type": "individual",
          "url": "https://github.com/sponsors/RubenVerborgh"
        }
      ],
      "engines": {
        "node": ">=4.0"
      },
      "peerDependenciesMeta": {
        "debug": {
          "optional": true
        }
      }
    }
  },
  "dependencies": {
    "axios": {
      "version": "0.21.2",
      "resolved": "https://registry.npmjs.org/axios/-/axios-0.21.2.tgz",
      "integrity": "sha512-87otirqUw3e8CzHTMO+/9kh/FSgXt/eVDvipijwDtEuwbkySWZ9SBm6VEubmJ/kLKEoLQV/POhxXFb66bfekfg==",
      "requires": {
        "follow-redirects": "^1.14.0"
      }
    },
    "fastdomparse-node": {
      "version": "1.0.1",
      "resolved": "https://registry.npmjs.org/fastdomparse-node/-/fastdomparse-node-1.0.1.tgz",
      "integrity": "sha512-r/xlSDNA2OV3BIA4+pN77q92HyX3sFXXhZeoYqDOmGmwPTJocs8hC3ZPtZ1fkBpXqXL1ezlKNd3o2MIXHv5lCQ=="
    },
    "follow-redirects": {
      "version": "1.15.2",
      "resolved": "https://registry.npmjs.org/follow-redirects/-/follow-redirects-1.15.2.tgz",
      "integrity": "sha512-VQLG33o04KaQ8uYi2tVNbdrWp1QWxNNea+nmIB4EVM28v0hmP17z7aG1+wAkNzVq4KeXTq3221ye5qTJP91JwA=="
    }
  }
}
